// !$*UTF8*$!
{
	archiveVersion = 1;
	classes = {
	};
	objectVersion = 77;
	objects = {

/* Begin PBXContainerItemProxy section */
		4ECC81E22E90583100BA7CB5 /* PBXContainerItemProxy */ = {
			isa = PBXContainerItemProxy;
			containerPortal = 4ECC81CC2E90582D00BA7CB5 /* Project object */;
			proxyType = 1;
			remoteGlobalIDString = 4ECC81D32E90582D00BA7CB5;
			remoteInfo = NoteStreamProject;
		};
		4ECC81EC2E90583100BA7CB5 /* PBXContainerItemProxy */ = {
			isa = PBXContainerItemProxy;
			containerPortal = 4ECC81CC2E90582D00BA7CB5 /* Project object */;
			proxyType = 1;
			remoteGlobalIDString = 4ECC81D32E90582D00BA7CB5;
			remoteInfo = NoteStreamProject;
		};
/* End PBXContainerItemProxy section */

/* Begin PBXFileReference section */
		4ECC81D42E90582D00BA7CB5 /* NoteStreamProject.app */ = {isa = PBXFileReference; explicitFileType = wrapper.application; includeInIndex = 0; path = NoteStreamProject.app; sourceTree = BUILT_PRODUCTS_DIR; };
		4ECC81E12E90583100BA7CB5 /* NoteStreamProjectTests.xctest */ = {isa = PBXFileReference; explicitFileType = wrapper.cfbundle; includeInIndex = 0; path = NoteStreamProjectTests.xctest; sourceTree = BUILT_PRODUCTS_DIR; };
		4ECC81EB2E90583100BA7CB5 /* NoteStreamProjectUITests.xctest */ = {isa = PBXFileReference; explicitFileType = wrapper.cfbundle; includeInIndex = 0; path = NoteStreamProjectUITests.xctest; sourceTree = BUILT_PRODUCTS_DIR; };
/* End PBXFileReference section */

/* Begin PBXFileSystemSynchronizedBuildFileExceptionSet section */
		4E6FCDDE2E91CDD900C0505A /* Exceptions for "NoteStreamProject" folder in "NoteStreamProject" target */ = {
			isa = PBXFileSystemSynchronizedBuildFileExceptionSet;
			membershipExceptions = (
				Assets.xcassets,
				ContentView.swift,
				Notes/NoteCanvasView.swift,
				Notes/NoteView.swift,
				Notes/NoteViewModel.swift,
				NoteStreamProjectApp.swift,
			);
			target = 4ECC81D32E90582D00BA7CB5 /* NoteStreamProject */;
		};
		4E6FCDDF2E91CDD900C0505A /* Exceptions for "NoteStreamProject" folder in "NoteStreamProjectUITests" target */ = {
			isa = PBXFileSystemSynchronizedBuildFileExceptionSet;
			membershipExceptions = (
				Assets.xcassets,
				ContentView.swift,
				NoteStreamProjectApp.swift,
			);
			target = 4ECC81EA2E90583100BA7CB5 /* NoteStreamProjectUITests */;
		};
/* End PBXFileSystemSynchronizedBuildFileExceptionSet section */

/* Begin PBXFileSystemSynchronizedRootGroup section */
		4E6FCDD92E91CDD900C0505A /* NoteStreamProject */ = {
			isa = PBXFileSystemSynchronizedRootGroup;
			exceptions = (
				4E6FCDDE2E91CDD900C0505A /* Exceptions for "NoteStreamProject" folder in "NoteStreamProject" target */,
				4E6FCDDF2E91CDD900C0505A /* Exceptions for "NoteStreamProject" folder in "NoteStreamProjectUITests" target */,
			);
			path = NoteStreamProject;
			sourceTree = "<group>";
		};
		4ECC81E42E90583100BA7CB5 /* NoteStreamProjectTests */ = {
			isa = PBXFileSystemSynchronizedRootGroup;
			path = NoteStreamProjectTests;
			sourceTree = "<group>";
		};
		4ECC81EE2E90583100BA7CB5 /* NoteStreamProjectUITests */ = {
			isa = PBXFileSystemSynchronizedRootGroup;
			path = NoteStreamProjectUITests;
			sourceTree = "<group>";
		};
/* End PBXFileSystemSynchronizedRootGroup section */

/* Begin PBXFrameworksBuildPhase section */
		4ECC81D12E90582D00BA7CB5 /* Frameworks */ = {
			isa = PBXFrameworksBuildPhase;
			buildActionMask = 2147483647;
			files = (
			);
			runOnlyForDeploymentPostprocessing = 0;
		};
		4ECC81DE2E90583100BA7CB5 /* Frameworks */ = {
			isa = PBXFrameworksBuildPhase;
			buildActionMask = 2147483647;
			files = (
			);
			runOnlyForDeploymentPostprocessing = 0;
		};
		4ECC81E82E90583100BA7CB5 /* Frameworks */ = {
			isa = PBXFrameworksBuildPhase;
			buildActionMask = 2147483647;
			files = (
			);
			runOnlyForDeploymentPostprocessing = 0;
		};
/* End PBXFrameworksBuildPhase section */

/* Begin PBXGroup section */
		4ECC81CB2E90582D00BA7CB5 = {
			isa = PBXGroup;
			children = (
				4E6FCDD92E91CDD900C0505A /* NoteStreamProject */,
				4ECC81E42E90583100BA7CB5 /* NoteStreamProjectTests */,
				4ECC81EE2E90583100BA7CB5 /* NoteStreamProjectUITests */,
				4ECC81D52E90582D00BA7CB5 /* Products */,
			);
			sourceTree = "<group>";
		};
		4ECC81D52E90582D00BA7CB5 /* Products */ = {
			isa = PBXGroup;
			children = (
				4ECC81D42E90582D00BA7CB5 /* NoteStreamProject.app */,
				4ECC81E12E90583100BA7CB5 /* NoteStreamProjectTests.xctest */,
				4ECC81EB2E90583100BA7CB5 /* NoteStreamProjectUITests.xctest */,
			);
			name = Products;
			sourceTree = "<group>";
		};
/* End PBXGroup section */

/* Begin PBXNativeTarget section */
		4ECC81D32E90582D00BA7CB5 /* NoteStreamProject */ = {
			isa = PBXNativeTarget;
			buildConfigurationList = 4ECC81F52E90583100BA7CB5 /* Build configuration list for PBXNativeTarget "NoteStreamProject" */;
			buildPhases = (
				4ECC81D02E90582D00BA7CB5 /* Sources */,
				4ECC81D12E90582D00BA7CB5 /* Frameworks */,
				4ECC81D22E90582D00BA7CB5 /* Resources */,
			);
			buildRules = (
			);
			dependencies = (
			);
			name = NoteStreamProject;
			packageProductDependencies = (
			);
			productName = NoteStreamProject;
			productReference = 4ECC81D42E90582D00BA7CB5 /* NoteStreamProject.app */;
			productType = "com.apple.product-type.application";
		};
		4ECC81E02E90583100BA7CB5 /* NoteStreamProjectTests */ = {
			isa = PBXNativeTarget;
			buildConfigurationList = 4ECC81F82E90583100BA7CB5 /* Build configuration list for PBXNativeTarget "NoteStreamProjectTests" */;
			buildPhases = (
				4ECC81DD2E90583100BA7CB5 /* Sources */,
				4ECC81DE2E90583100BA7CB5 /* Frameworks */,
				4ECC81DF2E90583100BA7CB5 /* Resources */,
			);
			buildRules = (
			);
			dependencies = (
				4ECC81E32E90583100BA7CB5 /* PBXTargetDependency */,
			);
			fileSystemSynchronizedGroups = (
				4ECC81E42E90583100BA7CB5 /* NoteStreamProjectTests */,
			);
			name = NoteStreamProjectTests;
			packageProductDependencies = (
			);
			productName = NoteStreamProjectTests;
			productReference = 4ECC81E12E90583100BA7CB5 /* NoteStreamProjectTests.xctest */;
			productType = "com.apple.product-type.bundle.unit-test";
		};
		4ECC81EA2E90583100BA7CB5 /* NoteStreamProjectUITests */ = {
			isa = PBXNativeTarget;
			buildConfigurationList = 4ECC81FB2E90583100BA7CB5 /* Build configuration list for PBXNativeTarget "NoteStreamProjectUITests" */;
			buildPhases = (
				4ECC81E72E90583100BA7CB5 /* Sources */,
				4ECC81E82E90583100BA7CB5 /* Frameworks */,
				4ECC81E92E90583100BA7CB5 /* Resources */,
			);
			buildRules = (
			);
			dependencies = (
				4ECC81ED2E90583100BA7CB5 /* PBXTargetDependency */,
			);
			fileSystemSynchronizedGroups = (
				4E6FCDD92E91CDD900C0505A /* NoteStreamProject */,
				4ECC81EE2E90583100BA7CB5 /* NoteStreamProjectUITests */,
			);
			name = NoteStreamProjectUITests;
			packageProductDependencies = (
			);
			productName = NoteStreamProjectUITests;
			productReference = 4ECC81EB2E90583100BA7CB5 /* NoteStreamProjectUITests.xctest */;
			productType = "com.apple.product-type.bundle.ui-testing";
		};
/* End PBXNativeTarget section */

/* Begin PBXProject section */
		4ECC81CC2E90582D00BA7CB5 /* Project object */ = {
			isa = PBXProject;
			attributes = {
				BuildIndependentTargetsInParallel = 1;
				LastSwiftUpdateCheck = 2600;
				LastUpgradeCheck = 2600;
				TargetAttributes = {
					4ECC81D32E90582D00BA7CB5 = {
						CreatedOnToolsVersion = 26.0;
					};
					4ECC81E02E90583100BA7CB5 = {
						CreatedOnToolsVersion = 26.0;
						TestTargetID = 4ECC81D32E90582D00BA7CB5;
					};
					4ECC81EA2E90583100BA7CB5 = {
						CreatedOnToolsVersion = 26.0;
						TestTargetID = 4ECC81D32E90582D00BA7CB5;
					};
				};
			};
			buildConfigurationList = 4ECC81CF2E90582D00BA7CB5 /* Build configuration list for PBXProject "NoteStreamProject" */;
			developmentRegion = en;
			hasScannedForEncodings = 0;
			knownRegions = (
				en,
				Base,
			);
			mainGroup = 4ECC81CB2E90582D00BA7CB5;
			minimizedProjectReferenceProxies = 1;
			preferredProjectObjectVersion = 77;
			productRefGroup = 4ECC81D52E90582D00BA7CB5 /* Products */;
			projectDirPath = "";
			projectRoot = "";
			targets = (
				4ECC81D32E90582D00BA7CB5 /* NoteStreamProject */,
				4ECC81E02E90583100BA7CB5 /* NoteStreamProjectTests */,
				4ECC81EA2E90583100BA7CB5 /* NoteStreamProjectUITests */,
			);
		};
/* End PBXProject section */

/* Begin PBXResourcesBuildPhase section */
		4ECC81D22E90582D00BA7CB5 /* Resources */ = {
			isa = PBXResourcesBuildPhase;
			buildActionMask = 2147483647;
			files = (
			);
			runOnlyForDeploymentPostprocessing = 0;
		};
		4ECC81DF2E90583100BA7CB5 /* Resources */ = {
			isa = PBXResourcesBuildPhase;
			buildActionMask = 2147483647;
			files = (
			);
			runOnlyForDeploymentPostprocessing = 0;
		};
		4ECC81E92E90583100BA7CB5 /* Resources */ = {
			isa = PBXResourcesBuildPhase;
			buildActionMask = 2147483647;
			files = (
			);
			runOnlyForDeploymentPostprocessing = 0;
		};
/* End PBXResourcesBuildPhase section */

/* Begin PBXSourcesBuildPhase section */
		4ECC81D02E90582D00BA7CB5 /* Sources */ = {
			isa = PBXSourcesBuildPhase;
			buildActionMask = 2147483647;
			files = (
			);
			runOnlyForDeploymentPostprocessing = 0;
		};
		4ECC81DD2E90583100BA7CB5 /* Sources */ = {
			isa = PBXSourcesBuildPhase;
			buildActionMask = 2147483647;
			files = (
			);
			runOnlyForDeploymentPostprocessing = 0;
		};
		4ECC81E72E90583100BA7CB5 /* Sources */ = {
			isa = PBXSourcesBuildPhase;
			buildActionMask = 2147483647;
			files = (
			);
			runOnlyForDeploymentPostprocessing = 0;
		};
/* End PBXSourcesBuildPhase section */

/* Begin PBXTargetDependency section */
		4ECC81E32E90583100BA7CB5 /* PBXTargetDependency */ = {
			isa = PBXTargetDependency;
			target = 4ECC81D32E90582D00BA7CB5 /* NoteStreamProject */;
			targetProxy = 4ECC81E22E90583100BA7CB5 /* PBXContainerItemProxy */;
		};
		4ECC81ED2E90583100BA7CB5 /* PBXTargetDependency */ = {
			isa = PBXTargetDependency;
			target = 4ECC81D32E90582D00BA7CB5 /* NoteStreamProject */;
			targetProxy = 4ECC81EC2E90583100BA7CB5 /* PBXContainerItemProxy */;
		};
/* End PBXTargetDependency section */

/* Begin XCBuildConfiguration section */
		4ECC81F32E90583100BA7CB5 /* Debug */ = {
			isa = XCBuildConfiguration;
			buildSettings = {
				ALWAYS_SEARCH_USER_PATHS = NO;
				ASSETCATALOG_COMPILER_GENERATE_SWIFT_ASSET_SYMBOL_EXTENSIONS = YES;
				CLANG_ANALYZER_NONNULL = YES;
				CLANG_ANALYZER_NUMBER_OBJECT_CONVERSION = YES_AGGRESSIVE;
				CLANG_CXX_LANGUAGE_STANDARD = "gnu++20";
				CLANG_ENABLE_MODULES = YES;
				CLANG_ENABLE_OBJC_ARC = YES;
				CLANG_ENABLE_OBJC_WEAK = YES;
				CLANG_WARN_BLOCK_CAPTURE_AUTORELEASING = YES;
				CLANG_WARN_BOOL_CONVERSION = YES;
				CLANG_WARN_COMMA = YES;
				CLANG_WARN_CONSTANT_CONVERSION = YES;
				CLANG_WARN_DEPRECATED_OBJC_IMPLEMENTATIONS = YES;
				CLANG_WARN_DIRECT_OBJC_ISA_USAGE = YES_ERROR;
				CLANG_WARN_DOCUMENTATION_COMMENTS = YES;
				CLANG_WARN_EMPTY_BODY = YES;
				CLANG_WARN_ENUM_CONVERSION = YES;
				CLANG_WARN_INFINITE_RECURSION = YES;
				CLANG_WARN_INT_CONVERSION = YES;
				CLANG_WARN_NON_LITERAL_NULL_CONVERSION = YES;
				CLANG_WARN_OBJC_IMPLICIT_RETAIN_SELF = YES;
				CLANG_WARN_OBJC_LITERAL_CONVERSION = YES;
				CLANG_WARN_OBJC_ROOT_CLASS = YES_ERROR;
				CLANG_WARN_QUOTED_INCLUDE_IN_FRAMEWORK_HEADER = YES;
				CLANG_WARN_RANGE_LOOP_ANALYSIS = YES;
				CLANG_WARN_STRICT_PROTOTYPES = YES;
				CLANG_WARN_SUSPICIOUS_MOVE = YES;
				CLANG_WARN_UNGUARDED_AVAILABILITY = YES_AGGRESSIVE;
				CLANG_WARN_UNREACHABLE_CODE = YES;
				CLANG_WARN__DUPLICATE_METHOD_MATCH = YES;
				COPY_PHASE_STRIP = NO;
				DEBUG_INFORMATION_FORMAT = dwarf;
				DEVELOPMENT_TEAM = 9ZR87Z2AF9;
				ENABLE_STRICT_OBJC_MSGSEND = YES;
				ENABLE_TESTABILITY = YES;
				ENABLE_USER_SCRIPT_SANDBOXING = YES;
				GCC_C_LANGUAGE_STANDARD = gnu17;
				GCC_DYNAMIC_NO_PIC = NO;
				GCC_NO_COMMON_BLOCKS = YES;
				GCC_OPTIMIZATION_LEVEL = 0;
				GCC_PREPROCESSOR_DEFINITIONS = (
					"DEBUG=1",
					"$(inherited)",
				);
				GCC_WARN_64_TO_32_BIT_CONVERSION = YES;
				GCC_WARN_ABOUT_RETURN_TYPE = YES_ERROR;
				GCC_WARN_UNDECLARED_SELECTOR = YES;
				GCC_WARN_UNINITIALIZED_AUTOS = YES_AGGRESSIVE;
				GCC_WARN_UNUSED_FUNCTION = YES;
				GCC_WARN_UNUSED_VARIABLE = YES;
				IPHONEOS_DEPLOYMENT_TARGET = 26.0;
				LOCALIZATION_PREFERS_STRING_CATALOGS = YES;
				MTL_ENABLE_DEBUG_INFO = INCLUDE_SOURCE;
				MTL_FAST_MATH = YES;
				ONLY_ACTIVE_ARCH = YES;
				SDKROOT = iphoneos;
				SWIFT_ACTIVE_COMPILATION_CONDITIONS = "DEBUG $(inherited)";
				SWIFT_OPTIMIZATION_LEVEL = "-Onone";
			};
			name = Debug;
		};
		4ECC81F42E90583100BA7CB5 /* Release */ = {
			isa = XCBuildConfiguration;
			buildSettings = {
				ALWAYS_SEARCH_USER_PATHS = NO;
				ASSETCATALOG_COMPILER_GENERATE_SWIFT_ASSET_SYMBOL_EXTENSIONS = YES;
				CLANG_ANALYZER_NONNULL = YES;
				CLANG_ANALYZER_NUMBER_OBJECT_CONVERSION = YES_AGGRESSIVE;
				CLANG_CXX_LANGUAGE_STANDARD = "gnu++20";
				CLANG_ENABLE_MODULES = YES;
				CLANG_ENABLE_OBJC_ARC = YES;
				CLANG_ENABLE_OBJC_WEAK = YES;
				CLANG_WARN_BLOCK_CAPTURE_AUTORELEASING = YES;
				CLANG_WARN_BOOL_CONVERSION = YES;
				CLANG_WARN_COMMA = YES;
				CLANG_WARN_CONSTANT_CONVERSION = YES;
				CLANG_WARN_DEPRECATED_OBJC_IMPLEMENTATIONS = YES;
				CLANG_WARN_DIRECT_OBJC_ISA_USAGE = YES_ERROR;
				CLANG_WARN_DOCUMENTATION_COMMENTS = YES;
				CLANG_WARN_EMPTY_BODY = YES;
				CLANG_WARN_ENUM_CONVERSION = YES;
				CLANG_WARN_INFINITE_RECURSION = YES;
				CLANG_WARN_INT_CONVERSION = YES;
				CLANG_WARN_NON_LITERAL_NULL_CONVERSION = YES;
				CLANG_WARN_OBJC_IMPLICIT_RETAIN_SELF = YES;
				CLANG_WARN_OBJC_LITERAL_CONVERSION = YES;
				CLANG_WARN_OBJC_ROOT_CLASS = YES_ERROR;
				CLANG_WARN_QUOTED_INCLUDE_IN_FRAMEWORK_HEADER = YES;
				CLANG_WARN_RANGE_LOOP_ANALYSIS = YES;
				CLANG_WARN_STRICT_PROTOTYPES = YES;
				CLANG_WARN_SUSPICIOUS_MOVE = YES;
				CLANG_WARN_UNGUARDED_AVAILABILITY = YES_AGGRESSIVE;
				CLANG_WARN_UNREACHABLE_CODE = YES;
				CLANG_WARN__DUPLICATE_METHOD_MATCH = YES;
				COPY_PHASE_STRIP = NO;
				DEBUG_INFORMATION_FORMAT = "dwarf-with-dsym";
				DEVELOPMENT_TEAM = 9ZR87Z2AF9;
				ENABLE_NS_ASSERTIONS = NO;
				ENABLE_STRICT_OBJC_MSGSEND = YES;
				ENABLE_USER_SCRIPT_SANDBOXING = YES;
				GCC_C_LANGUAGE_STANDARD = gnu17;
				GCC_NO_COMMON_BLOCKS = YES;
				GCC_WARN_64_TO_32_BIT_CONVERSION = YES;
				GCC_WARN_ABOUT_RETURN_TYPE = YES_ERROR;
				GCC_WARN_UNDECLARED_SELECTOR = YES;
				GCC_WARN_UNINITIALIZED_AUTOS = YES_AGGRESSIVE;
				GCC_WARN_UNUSED_FUNCTION = YES;
				GCC_WARN_UNUSED_VARIABLE = YES;
				IPHONEOS_DEPLOYMENT_TARGET = 26.0;
				LOCALIZATION_PREFERS_STRING_CATALOGS = YES;
				MTL_ENABLE_DEBUG_INFO = NO;
				MTL_FAST_MATH = YES;
				SDKROOT = iphoneos;
				SWIFT_COMPILATION_MODE = wholemodule;
				VALIDATE_PRODUCT = YES;
			};
			name = Release;
		};
		4ECC81F62E90583100BA7CB5 /* Debug */ = {
			isa = XCBuildConfiguration;
			buildSettings = {
				ASSETCATALOG_COMPILER_APPICON_NAME = AppIcon;
				ASSETCATALOG_COMPILER_GLOBAL_ACCENT_COLOR_NAME = AccentColor;
				CODE_SIGN_STYLE = Automatic;
				CURRENT_PROJECT_VERSION = 1;
				DEVELOPMENT_TEAM = 9ZR87Z2AF9;
				ENABLE_PREVIEWS = YES;
				GENERATE_INFOPLIST_FILE = YES;
				INFOPLIST_KEY_UIApplicationSceneManifest_Generation = YES;
				INFOPLIST_KEY_UIApplicationSupportsIndirectInputEvents = YES;
				INFOPLIST_KEY_UILaunchScreen_Generation = YES;
				INFOPLIST_KEY_UISupportedInterfaceOrientations_iPad = "UIInterfaceOrientationPortrait UIInterfaceOrientationPortraitUpsideDown UIInterfaceOrientationLandscapeLeft UIInterfaceOrientationLandscapeRight";
				INFOPLIST_KEY_UISupportedInterfaceOrientations_iPhone = "UIInterfaceOrientationPortrait UIInterfaceOrientationLandscapeLeft UIInterfaceOrientationLandscapeRight";
				LD_RUNPATH_SEARCH_PATHS = (
					"$(inherited)",
					"@executable_path/Frameworks",
				);
				MARKETING_VERSION = 1.0;
				PRODUCT_BUNDLE_IDENTIFIER = com.ajade.NoteStreamProject;
				PRODUCT_NAME = "$(TARGET_NAME)";
				STRING_CATALOG_GENERATE_SYMBOLS = YES;
				SWIFT_APPROACHABLE_CONCURRENCY = YES;
				SWIFT_DEFAULT_ACTOR_ISOLATION = MainActor;
				SWIFT_EMIT_LOC_STRINGS = YES;
				SWIFT_UPCOMING_FEATURE_MEMBER_IMPORT_VISIBILITY = YES;
				SWIFT_VERSION = 5.0;
				TARGETED_DEVICE_FAMILY = "1,2";
			};
			name = Debug;
		};
		4ECC81F72E90583100BA7CB5 /* Release */ = {
			isa = XCBuildConfiguration;
			buildSettings = {
				ASSETCATALOG_COMPILER_APPICON_NAME = AppIcon;
				ASSETCATALOG_COMPILER_GLOBAL_ACCENT_COLOR_NAME = AccentColor;
				CODE_SIGN_STYLE = Automatic;
				CURRENT_PROJECT_VERSION = 1;
				DEVELOPMENT_TEAM = 9ZR87Z2AF9;
				ENABLE_PREVIEWS = YES;
				GENERATE_INFOPLIST_FILE = YES;
				INFOPLIST_KEY_UIApplicationSceneManifest_Generation = YES;
				INFOPLIST_KEY_UIApplicationSupportsIndirectInputEvents = YES;
				INFOPLIST_KEY_UILaunchScreen_Generation = YES;
				INFOPLIST_KEY_UISupportedInterfaceOrientations_iPad = "UIInterfaceOrientationPortrait UIInterfaceOrientationPortraitUpsideDown UIInterfaceOrientationLandscapeLeft UIInterfaceOrientationLandscapeRight";
				INFOPLIST_KEY_UISupportedInterfaceOrientations_iPhone = "UIInterfaceOrientationPortrait UIInterfaceOrientationLandscapeLeft UIInterfaceOrientationLandscapeRight";
				LD_RUNPATH_SEARCH_PATHS = (
					"$(inherited)",
					"@executable_path/Frameworks",
				);
				MARKETING_VERSION = 1.0;
				PRODUCT_BUNDLE_IDENTIFIER = com.ajade.NoteStreamProject;
				PRODUCT_NAME = "$(TARGET_NAME)";
				STRING_CATALOG_GENERATE_SYMBOLS = YES;
				SWIFT_APPROACHABLE_CONCURRENCY = YES;
				SWIFT_DEFAULT_ACTOR_ISOLATION = MainActor;
				SWIFT_EMIT_LOC_STRINGS = YES;
				SWIFT_UPCOMING_FEATURE_MEMBER_IMPORT_VISIBILITY = YES;
				SWIFT_VERSION = 5.0;
				TARGETED_DEVICE_FAMILY = "1,2";
			};
			name = Release;
		};
		4ECC81F92E90583100BA7CB5 /* Debug */ = {
			isa = XCBuildConfiguration;
			buildSettings = {
				BUNDLE_LOADER = "$(TEST_HOST)";
				CODE_SIGN_STYLE = Automatic;
				CURRENT_PROJECT_VERSION = 1;
				DEVELOPMENT_TEAM = 9ZR87Z2AF9;
				GENERATE_INFOPLIST_FILE = YES;
				IPHONEOS_DEPLOYMENT_TARGET = 26.0;
				MARKETING_VERSION = 1.0;
				PRODUCT_BUNDLE_IDENTIFIER = com.ajade.NoteStreamProjectTests;
				PRODUCT_NAME = "$(TARGET_NAME)";
				STRING_CATALOG_GENERATE_SYMBOLS = NO;
				SWIFT_APPROACHABLE_CONCURRENCY = YES;
				SWIFT_EMIT_LOC_STRINGS = NO;
				SWIFT_UPCOMING_FEATURE_MEMBER_IMPORT_VISIBILITY = YES;
				SWIFT_VERSION = 5.0;
				TARGETED_DEVICE_FAMILY = "1,2";
				TEST_HOST = "$(BUILT_PRODUCTS_DIR)/NoteStreamProject.app/$(BUNDLE_EXECUTABLE_FOLDER_PATH)/NoteStreamProject";
			};
			name = Debug;
		};
		4ECC81FA2E90583100BA7CB5 /* Release */ = {
			isa = XCBuildConfiguration;
			buildSettings = {
				BUNDLE_LOADER = "$(TEST_HOST)";
				CODE_SIGN_STYLE = Automatic;
				CURRENT_PROJECT_VERSION = 1;
				DEVELOPMENT_TEAM = 9ZR87Z2AF9;
				GENERATE_INFOPLIST_FILE = YES;
				IPHONEOS_DEPLOYMENT_TARGET = 26.0;
				MARKETING_VERSION = 1.0;
				PRODUCT_BUNDLE_IDENTIFIER = com.ajade.NoteStreamProjectTests;
				PRODUCT_NAME = "$(TARGET_NAME)";
				STRING_CATALOG_GENERATE_SYMBOLS = NO;
				SWIFT_APPROACHABLE_CONCURRENCY = YES;
				SWIFT_EMIT_LOC_STRINGS = NO;
				SWIFT_UPCOMING_FEATURE_MEMBER_IMPORT_VISIBILITY = YES;
				SWIFT_VERSION = 5.0;
				TARGETED_DEVICE_FAMILY = "1,2";
				TEST_HOST = "$(BUILT_PRODUCTS_DIR)/NoteStreamProject.app/$(BUNDLE_EXECUTABLE_FOLDER_PATH)/NoteStreamProject";
			};
			name = Release;
		};
		4ECC81FC2E90583100BA7CB5 /* Debug */ = {
			isa = XCBuildConfiguration;
			buildSettings = {
				CODE_SIGN_STYLE = Automatic;
				CURRENT_PROJECT_VERSION = 1;
				DEVELOPMENT_TEAM = 9ZR87Z2AF9;
				GENERATE_INFOPLIST_FILE = YES;
				MARKETING_VERSION = 1.0;
				PRODUCT_BUNDLE_IDENTIFIER = com.ajade.NoteStreamProjectUITests;
				PRODUCT_NAME = "$(TARGET_NAME)";
				STRING_CATALOG_GENERATE_SYMBOLS = NO;
				SWIFT_APPROACHABLE_CONCURRENCY = YES;
				SWIFT_EMIT_LOC_STRINGS = NO;
				SWIFT_UPCOMING_FEATURE_MEMBER_IMPORT_VISIBILITY = YES;
				SWIFT_VERSION = 5.0;
				TARGETED_DEVICE_FAMILY = "1,2";
				TEST_TARGET_NAME = NoteStreamProject;
			};
			name = Debug;
		};
		4ECC81FD2E90583100BA7CB5 /* Release */ = {
			isa = XCBuildConfiguration;
			buildSettings = {
				CODE_SIGN_STYLE = Automatic;
				CURRENT_PROJECT_VERSION = 1;
				DEVELOPMENT_TEAM = 9ZR87Z2AF9;
				GENERATE_INFOPLIST_FILE = YES;
				MARKETING_VERSION = 1.0;
				PRODUCT_BUNDLE_IDENTIFIER = com.ajade.NoteStreamProjectUITests;
				PRODUCT_NAME = "$(TARGET_NAME)";
				STRING_CATALOG_GENERATE_SYMBOLS = NO;
				SWIFT_APPROACHABLE_CONCURRENCY = YES;
				SWIFT_EMIT_LOC_STRINGS = NO;
				SWIFT_UPCOMING_FEATURE_MEMBER_IMPORT_VISIBILITY = YES;
				SWIFT_VERSION = 5.0;
				TARGETED_DEVICE_FAMILY = "1,2";
				TEST_TARGET_NAME = NoteStreamProject;
			};
			name = Release;
		};
/* End XCBuildConfiguration section */

/* Begin XCConfigurationList section */
		4ECC81CF2E90582D00BA7CB5 /* Build configuration list for PBXProject "NoteStreamProject" */ = {
			isa = XCConfigurationList;
			buildConfigurations = (
				4ECC81F32E90583100BA7CB5 /* Debug */,
				4ECC81F42E90583100BA7CB5 /* Release */,
			);
			defaultConfigurationIsVisible = 0;
			defaultConfigurationName = Release;
		};
		4ECC81F52E90583100BA7CB5 /* Build configuration list for PBXNativeTarget "NoteStreamProject" */ = {
			isa = XCConfigurationList;
			buildConfigurations = (
				4ECC81F62E90583100BA7CB5 /* Debug */,
				4ECC81F72E90583100BA7CB5 /* Release */,
			);
			defaultConfigurationIsVisible = 0;
			defaultConfigurationName = Release;
		};
		4ECC81F82E90583100BA7CB5 /* Build configuration list for PBXNativeTarget "NoteStreamProjectTests" */ = {
			isa = XCConfigurationList;
			buildConfigurations = (
				4ECC81F92E90583100BA7CB5 /* Debug */,
				4ECC81FA2E90583100BA7CB5 /* Release */,
			);
			defaultConfigurationIsVisible = 0;
			defaultConfigurationName = Release;
		};
		4ECC81FB2E90583100BA7CB5 /* Build configuration list for PBXNativeTarget "NoteStreamProjectUITests" */ = {
			isa = XCConfigurationList;
			buildConfigurations = (
				4ECC81FC2E90583100BA7CB5 /* Debug */,
				4ECC81FD2E90583100BA7CB5 /* Release */,
			);
			defaultConfigurationIsVisible = 0;
			defaultConfigurationName = Release;
		};
/* End XCConfigurationList section */
	};
	rootObject = 4ECC81CC2E90582D00BA7CB5 /* Project object */;
}
